
Microsoft Visual Studio Solution File, Format Version 12.00
# Visual Studio Version 17
VisualStudioVersion = 17.14.36408.4 d17.14
MinimumVisualStudioVersion = 10.0.40219.1
Project("{FAE04EC0-301F-11D3-BF4B-00C04F79EFBC}") = "Ignite", "Ignite\Ignite.csproj", "{664F46E5-2BB8-44DA-A1C3-A4281D7ED2A6}"
EndProject
Global
	GlobalSection(SolutionConfigurationPlatforms) = preSolution
		Debug|Any CPU = Debug|Any CPU
		Release|Any CPU = Release|Any CPU
	EndGlobalSection
	GlobalSection(ProjectConfigurationPlatforms) = postSolution
		{664F46E5-2BB8-44DA-A1C3-A4281D7ED2A6}.Debug|Any CPU.ActiveCfg = Debug|Any CPU
		{664F46E5-2BB8-44DA-A1C3-A4281D7ED2A6}.Debug|Any CPU.Build.0 = Debug|Any CPU
		{664F46E5-2BB8-44DA-A1C3-A4281D7ED2A6}.Release|Any CPU.ActiveCfg = Release|Any CPU
		{664F46E5-2BB8-44DA-A1C3-A4281D7ED2A6}.Release|Any CPU.Build.0 = Release|Any CPU
	EndGlobalSection
	GlobalSection(SolutionProperties) = preSolution
		HideSolutionNode = FALSE
	EndGlobalSection
	GlobalSection(ExtensibilityGlobals) = postSolution
		SolutionGuid = {5FCA45B1-37BD-4755-91CE-C1EE80F07339}
	EndGlobalSection
EndGlobal
